
Microsoft Visual Studio Solution File, Format Version 12.00
# Visual Studio Version 17
VisualStudioVersion = 17.0.31912.275
MinimumVisualStudioVersion = 10.0.40219.1
Project("{FAE04EC0-301F-11D3-BF4B-00C04F79EFBC}") = "CipherTextLibrary", "CipherTextLibrary\CipherTextLibrary.csproj", "{E2379677-E88E-457A-A6D4-85B658FC4D33}"
EndProject
Project("{FAE04EC0-301F-11D3-BF4B-00C04F79EFBC}") = "CipherTextUI", "CipherTextUI\CipherTextUI.csproj", "{870EDA16-DAB1-4118-9B2D-A7CB545E3C8A}"
EndProject
Global
	GlobalSection(SolutionConfigurationPlatforms) = preSolution
		Debug|Any CPU = Debug|Any CPU
		Release|Any CPU = Release|Any CPU
	EndGlobalSection
	GlobalSection(ProjectConfigurationPlatforms) = postSolution
		{E2379677-E88E-457A-A6D4-85B658FC4D33}.Debug|Any CPU.ActiveCfg = Debug|Any CPU
		{E2379677-E88E-457A-A6D4-85B658FC4D33}.Debug|Any CPU.Build.0 = Debug|Any CPU
		{E2379677-E88E-457A-A6D4-85B658FC4D33}.Release|Any CPU.ActiveCfg = Release|Any CPU
		{E2379677-E88E-457A-A6D4-85B658FC4D33}.Release|Any CPU.Build.0 = Release|Any CPU
		{870EDA16-DAB1-4118-9B2D-A7CB545E3C8A}.Debug|Any CPU.ActiveCfg = Debug|Any CPU
		{870EDA16-DAB1-4118-9B2D-A7CB545E3C8A}.Debug|Any CPU.Build.0 = Debug|Any CPU
		{870EDA16-DAB1-4118-9B2D-A7CB545E3C8A}.Release|Any CPU.ActiveCfg = Release|Any CPU
		{870EDA16-DAB1-4118-9B2D-A7CB545E3C8A}.Release|Any CPU.Build.0 = Release|Any CPU
	EndGlobalSection
	GlobalSection(SolutionProperties) = preSolution
		HideSolutionNode = FALSE
	EndGlobalSection
	GlobalSection(ExtensibilityGlobals) = postSolution
		SolutionGuid = {B145283B-848C-4950-AAB5-504B99AC0844}
	EndGlobalSection
EndGlobal
